{
	"name": "aviendha",
	"version": "1.18.3",
	"lockfileVersion": 3,
	"requires": true,
	"packages": {
		"": {
			"name": "aviendha",
			"version": "1.18.3",
			"license": "GPL-3.0-or-later",
			"dependencies": {
				"@imwz/wp-pattern-sentinel": "^1.1.5"
			}
		},
		"node_modules/@imwz/wp-pattern-sentinel": {
			"version": "1.1.5",
			"resolved": "https://registry.npmjs.org/@imwz/wp-pattern-sentinel/-/wp-pattern-sentinel-1.1.5.tgz",
			"integrity": "sha512-0YCveCoqH6+rpb5UqyqmHGhDZWRTU+f6NsaNRJk4CBOWoY/ENvesGEFETgLp1xAGnoezH2/zMvIwF17Kv6dxOw==",
			"license": "MIT",
			"dependencies": {
				"js-yaml": "^4.3.1",
				"p-queue": "^8.0.1",
				"playwright": "^1.44.0"
			},
			"bin": {
				"sentinel": "bin/sentinel.js"
			},
			"engines": {
				"node": ">=18"
			}
		},
		"node_modules/argparse": {
			"version": "2.0.1",
			"resolved": "https://registry.npmjs.org/argparse/-/argparse-2.0.1.tgz",
			"integrity": "sha512-8+9WqebbFzpX9OR+Wa6O29asIogeRMzcGtAINdpMHHyAg10f05aSFVBbcEqGf/PXw1EjAZ+q2/bEBg3DvurK3Q==",
			"license": "Python-2.0"
		},
		"node_modules/eventemitter3": {
			"version": "5.0.4",
			"resolved": "https://registry.npmjs.org/eventemitter3/-/eventemitter3-5.0.4.tgz",
			"integrity": "sha512-mlsTRyGaPBjPedk6Bvw+aqbsXDtoAyAzm5MO7JgU+yVRyMQ5O8bD4Kcci7BS85f93veegeCPkL8R4GLClnjLFw==",
			"license": "MIT"
		},
		"node_modules/js-yaml": {
			"version": "4.3.2",
			"resolved": "https://registry.npmjs.org/js-yaml/-/js-yaml-4.3.2.tgz",
			"integrity": "sha512-SFNOvSJ+Dgf/9An904Yx+CgSlIPCkIpao4qo51lpee25TIRejdH3rhR4EZMGoNx3/TP3O+wzWuiTFl4sqbltzA==",
			"funding": [
				{
					"type": "github",
					"url": "https://github.com/sponsors/puzrin"
				},
				{
					"type": "github",
					"url": "https://github.com/sponsors/nodeca"
				}
			],
			"license": "MIT",
			"dependencies": {
				"argparse": "^2.0.1"
			},
			"bin": {
				"js-yaml": "bin/js-yaml.js"
			}
		},
		"node_modules/p-queue": {
			"version": "8.1.1",
			"resolved": "https://registry.npmjs.org/p-queue/-/p-queue-8.1.1.tgz",
			"integrity": "sha512-aNZ+VfjobsWryoiPnEApGGmf5WmNsCo9xu8dfaYamG5qaLP7ClhLN6NgsFe6SwJ2UbLEBK5dv9x8Mn5+RVhMWQ==",
			"license": "MIT",
			"dependencies": {
				"eventemitter3": "^5.0.1",
				"p-timeout": "^6.1.2"
			},
			"engines": {
				"node": ">=18"
			},
			"funding": {
				"url": "https://github.com/sponsors/sindresorhus"
			}
		},
		"node_modules/p-timeout": {
			"version": "6.1.4",
			"resolved": "https://registry.npmjs.org/p-timeout/-/p-timeout-6.1.4.tgz",
			"integrity": "sha512-MyIV3ZA/PmyBN/ud8vV9XzwTrNtR4jFrObymZYnZqMmW0zA8Z17vnT0rBgFE/TlohB+YCHqXMgZzb3Csp49vqg==",
			"license": "MIT",
			"engines": {
				"node": ">=14.16"
			},
			"funding": {
				"url": "https://github.com/sponsors/sindresorhus"
			}
		},
		"node_modules/playwright": {
			"version": "1.63.0",
			"resolved": "https://registry.npmjs.org/playwright/-/playwright-1.63.0.tgz",
			"integrity": "sha512-+7ziBLidS4NaNCdt57SUDT+wYmmd5fmiQejUic/kb+YsYSCPyOOE9sebzMjNmQrsnNpDJqd4WHvV/8lfKfUDUg==",
			"license": "Apache-2.0",
			"dependencies": {
				"playwright-core": "1.63.0"
			},
			"bin": {
				"playwright": "cli.js"
			},
			"engines": {
				"node": ">=20"
			}
		},
		"node_modules/playwright-core": {
			"version": "1.63.0",
			"resolved": "https://registry.npmjs.org/playwright-core/-/playwright-core-1.63.0.tgz",
			"integrity": "sha512-rYCsBF/M5HjUch52bbtVONEFjv6Xu8sm8h72dNlR5bzIE1fvC/bxgspzkjSfU+MweEMmPM8KJebG6nnyxo5mCg==",
			"license": "Apache-2.0",
			"bin": {
				"playwright-core": "cli.js"
			},
			"engines": {
				"node": ">=20"
			}
		}
	}
}
